
Microsoft Visual Studio Solution File, Format Version 12.00
# Visual Studio Version 16
VisualStudioVersion = 16.0.31515.178
MinimumVisualStudioVersion = 10.0.40219.1
Project("{FAE04EC0-301F-11D3-BF4B-00C04F79EFBC}") = "bibliotech", "bibliotech\bibliotech.csproj", "{AC3AB39D-8A37-4518-99E2-FBFDBEACA39B}"
EndProject
Global
	GlobalSection(SolutionConfigurationPlatforms) = preSolution
		Debug|Any CPU = Debug|Any CPU
		Release|Any CPU = Release|Any CPU
	EndGlobalSection
	GlobalSection(ProjectConfigurationPlatforms) = postSolution
		{AC3AB39D-8A37-4518-99E2-FBFDBEACA39B}.Debug|Any CPU.ActiveCfg = Debug|Any CPU
		{AC3AB39D-8A37-4518-99E2-FBFDBEACA39B}.Debug|Any CPU.Build.0 = Debug|Any CPU
		{AC3AB39D-8A37-4518-99E2-FBFDBEACA39B}.Release|Any CPU.ActiveCfg = Release|Any CPU
		{AC3AB39D-8A37-4518-99E2-FBFDBEACA39B}.Release|Any CPU.Build.0 = Release|Any CPU
	EndGlobalSection
	GlobalSection(SolutionProperties) = preSolution
		HideSolutionNode = FALSE
	EndGlobalSection
	GlobalSection(ExtensibilityGlobals) = postSolution
		SolutionGuid = {614A2DFA-D4D1-46E7-87E1-9AAC5FED57E4}
	EndGlobalSection
EndGlobal
